github.com/antchfx/xpath v1.1.6 h1:6sVh6hB5T6phw1pFpHRQ+C4bd8sNI+O58flqtg7h0R0=
github.com/antchfx/xpath v1.1.6/go.mod h1:Yee4kTMuNiPYJ7nSNorELQMr1J33uOpXDMByNYhvtNk=
github.com/antchfx/xpath v1.1.7 h1:RgnAdTaRzF4bBiTqdDA7ZQ7IU8ivc72KSTf3/XCA/ic=
github.com/antchfx/xpath v1.1.7/go.mod h1:Yee4kTMuNiPYJ7nSNorELQMr1J33uOpXDMByNYhvtNk=
github.com/golang/groupcache v0.0.0-20200121045136-8c9f03a8e57e h1:1r7pUrabqp18hOBcwBwiTsbnFeTZHV9eER/QT5JVZxY=
github.com/golang/groupcache v0.0.0-20200121045136-8c9f03a8e57e/go.mod h1:cIg4eruTrX1D+g88fzRXU5OdNfaM+9IcxsU14FzY7Hc=
